PODS:
  - DSPaths (0.1.0)
  - Expecta (1.0.0)
  - Specta (1.0.0)

DEPENDENCIES:
  - DSPaths (from `../`)
  - Expecta
  - Specta

SPEC REPOS:
  trunk:
    - Expecta
    - Specta

EXTERNAL SOURCES:
  DSPaths:
    :path: "../"

SPEC CHECKSUMS:
  DSPaths: 9f9b00071b73c0ef23a96f5fddcb9e5165859279
  Expecta: 32604574add2c46a36f8d2f716b6c5736eb75024
  Specta: 96fe05fe5c7348b5223f85e862904f6e832abb14

PODFILE CHECKSUM: 59864c2f81c27786151738f0bc97ab8eabacf5c8

COCOAPODS: 1.15.2
